
Microsoft Visual Studio Solution File, Format Version 12.00
# Visual Studio 15
VisualStudioVersion = 15.0.28010.2036
MinimumVisualStudioVersion = 10.0.40219.1
Project("{FAE04EC0-301F-11D3-BF4B-00C04F79EFBC}") = "Project!", "Project!\Project!.csproj", "{1FD5AC9F-C7C8-42D9-8E1F-51908FC2A17D}"
EndProject
Global
	GlobalSection(SolutionConfigurationPlatforms) = preSolution
		Debug|Any CPU = Debug|Any CPU
		Release|Any CPU = Release|Any CPU
	EndGlobalSection
	GlobalSection(ProjectConfigurationPlatforms) = postSolution
		{1FD5AC9F-C7C8-42D9-8E1F-51908FC2A17D}.Debug|Any CPU.ActiveCfg = Debug|Any CPU
		{1FD5AC9F-C7C8-42D9-8E1F-51908FC2A17D}.Debug|Any CPU.Build.0 = Debug|Any CPU
		{1FD5AC9F-C7C8-42D9-8E1F-51908FC2A17D}.Release|Any CPU.ActiveCfg = Release|Any CPU
		{1FD5AC9F-C7C8-42D9-8E1F-51908FC2A17D}.Release|Any CPU.Build.0 = Release|Any CPU
	EndGlobalSection
	GlobalSection(SolutionProperties) = preSolution
		HideSolutionNode = FALSE
	EndGlobalSection
	GlobalSection(ExtensibilityGlobals) = postSolution
		SolutionGuid = {64C9AB1B-C2EB-487A-BE5C-F0ACEE7D7167}
	EndGlobalSection
EndGlobal
